{
  "name": "EncoreLeaderboards",
  "lockfileVersion": 2,
  "requires": true,
  "packages": {
    "": {
      "dependencies": {
        "sqlite": "^5.1.1"
      },
      "devDependencies": {
        "@tsconfig/node18": "^18.2.4",
        "typescript": "^5.5.4"
      }
    },
    "node_modules/@tsconfig/node18": {
      "version": "18.2.4",
      "resolved": "https://registry.npmjs.org/@tsconfig/node18/-/node18-18.2.4.tgz",
      "integrity": "sha512-5xxU8vVs9/FNcvm3gE07fPbn9tl6tqGGWA9tSlwsUEkBxtRnTsNmwrV8gasZ9F/EobaSv9+nu8AxUKccw77JpQ==",
      "dev": true
    },
    "node_modules/sqlite": {
      "version": "5.1.1",
      "resolved": "https://registry.npmjs.org/sqlite/-/sqlite-5.1.1.tgz",
      "integrity": "sha512-oBkezXa2hnkfuJwUo44Hl9hS3er+YFtueifoajrgidvqsJRQFpc5fKoAkAor1O5ZnLoa28GBScfHXs8j0K358Q=="
    },
    "node_modules/typescript": {
      "version": "5.5.4",
      "resolved": "https://registry.npmjs.org/typescript/-/typescript-5.5.4.tgz",
      "integrity": "sha512-Mtq29sKDAEYP7aljRgtPOpTvOfbwRWlS6dPRzwjdE+C0R4brX/GUyhHSecbHMFLNBLcJIPt9nl9yG5TZ1weH+Q==",
      "dev": true,
      "bin": {
        "tsc": "bin/tsc",
        "tsserver": "bin/tsserver"
      },
      "engines": {
        "node": ">=14.17"
      }
    }
  },
  "dependencies": {
    "@tsconfig/node18": {
      "version": "18.2.4",
      "resolved": "https://registry.npmjs.org/@tsconfig/node18/-/node18-18.2.4.tgz",
      "integrity": "sha512-5xxU8vVs9/FNcvm3gE07fPbn9tl6tqGGWA9tSlwsUEkBxtRnTsNmwrV8gasZ9F/EobaSv9+nu8AxUKccw77JpQ==",
      "dev": true
    },
    "sqlite": {
      "version": "5.1.1",
      "resolved": "https://registry.npmjs.org/sqlite/-/sqlite-5.1.1.tgz",
      "integrity": "sha512-oBkezXa2hnkfuJwUo44Hl9hS3er+YFtueifoajrgidvqsJRQFpc5fKoAkAor1O5ZnLoa28GBScfHXs8j0K358Q=="
    },
    "typescript": {
      "version": "5.5.4",
      "resolved": "https://registry.npmjs.org/typescript/-/typescript-5.5.4.tgz",
      "integrity": "sha512-Mtq29sKDAEYP7aljRgtPOpTvOfbwRWlS6dPRzwjdE+C0R4brX/GUyhHSecbHMFLNBLcJIPt9nl9yG5TZ1weH+Q==",
      "dev": true
    }
  }
}
